<?xml version="1.0"?>
<Project ToolsVersion="4.0" xmlns="http://schemas.microsoft.com/developer/msbuild/2003">
	<ItemGroup>
		<ClCompile Include="src\ofApp.cpp">
			<Filter>src</Filter>
		</ClCompile>
		<ClCompile Include="src\main.cpp">
			<Filter>src</Filter>
		</ClCompile>
		<ClCompile Include="src\main.cpp">
			<Filter>src</Filter>
		</ClCompile>
		<ClCompile Include="src\ofApp.cpp">
			<Filter>src</Filter>
		</ClCompile>
		<ClCompile Include="..\..\..\addons\ofxMotion\src\ofxMotion2D.cpp">
			<Filter>addons\ofxMotion\src</Filter>
		</ClCompile>
		<ClCompile Include="..\..\..\addons\ofxMotion\src\ofxMotion3D.cpp">
			<Filter>addons\ofxMotion\src</Filter>
		</ClCompile>
	</ItemGroup>
	<ItemGroup>
		<Filter Include="src">
			<UniqueIdentifier>{d8376475-7454-4a24-b08a-aac121d3ad6f}</UniqueIdentifier>
		</Filter>
		<Filter Include="addons">
			<UniqueIdentifier>{71834F65-F3A9-211E-73B8-DC85}</UniqueIdentifier>
		</Filter>
		<Filter Include="addons\ofxEasing">
			<UniqueIdentifier>{CAD580FB-01DB-F456-F00B-7791}</UniqueIdentifier>
		</Filter>
		<Filter Include="addons\ofxEasing\src">
			<UniqueIdentifier>{59A6BD40-DCB3-8A98-B41B-1BA9}</UniqueIdentifier>
		</Filter>
		<Filter Include="addons\ofxMotion">
			<UniqueIdentifier>{E8D5BCED-A211-1947-159D-7E82}</UniqueIdentifier>
		</Filter>
		<Filter Include="addons\ofxMotion\src">
			<UniqueIdentifier>{E33BAC79-2580-AEB6-B837-F1BC}</UniqueIdentifier>
		</Filter>
		<Filter Include="addons\ofxMotion\src\motions">
			<UniqueIdentifier>{E83C804A-EAE2-76A1-155E-0139}</UniqueIdentifier>
		</Filter>
		<Filter Include="addons\ofxMotion\src\motions\2d">
			<UniqueIdentifier>{45CC5034-F48B-4CB6-2E30-A77F}</UniqueIdentifier>
		</Filter>
		<Filter Include="addons\ofxMotion\src\motions\3d">
			<UniqueIdentifier>{DE6588BA-B41F-47A1-5CD3-05B0}</UniqueIdentifier>
		</Filter>
		<Filter Include="addons\ofxMotion\src\motions\base">
			<UniqueIdentifier>{07435971-79B2-1EEE-A540-1A47}</UniqueIdentifier>
		</Filter>
		<Filter Include="addons\ofxMotion\src\motions\color">
			<UniqueIdentifier>{ECBDFDEA-D5E9-3F09-5C7B-5AC2}</UniqueIdentifier>
		</Filter>
	</ItemGroup>
	<ItemGroup>
		<ClInclude Include="src\ofApp.h">
			<Filter>src</Filter>
		</ClInclude>
		<ClInclude Include="src\ofApp.h">
			<Filter>src</Filter>
		</ClInclude>
		<ClInclude Include="..\..\..\addons\ofxEasing\src\easing_terms_of_use.html">
			<Filter>addons\ofxEasing\src</Filter>
		</ClInclude>
		<ClInclude Include="..\..\..\addons\ofxEasing\src\ofxEasing.h">
			<Filter>addons\ofxEasing\src</Filter>
		</ClInclude>
		<ClInclude Include="..\..\..\addons\ofxMotion\src\motions\2d\Bounce.h">
			<Filter>addons\ofxMotion\src\motions\2d</Filter>
		</ClInclude>
		<ClInclude Include="..\..\..\addons\ofxMotion\src\motions\2d\DefaultTransform.h">
			<Filter>addons\ofxMotion\src\motions\2d</Filter>
		</ClInclude>
		<ClInclude Include="..\..\..\addons\ofxMotion\src\motions\2d\MoveCircle.h">
			<Filter>addons\ofxMotion\src\motions\2d</Filter>
		</ClInclude>
		<ClInclude Include="..\..\..\addons\ofxMotion\src\motions\2d\MoveCurve.h">
			<Filter>addons\ofxMotion\src\motions\2d</Filter>
		</ClInclude>
		<ClInclude Include="..\..\..\addons\ofxMotion\src\motions\2d\MoveLiner.h">
			<Filter>addons\ofxMotion\src\motions\2d</Filter>
		</ClInclude>
		<ClInclude Include="..\..\..\addons\ofxMotion\src\motions\2d\MoveLinerRotate.h">
			<Filter>addons\ofxMotion\src\motions\2d</Filter>
		</ClInclude>
		<ClInclude Include="..\..\..\addons\ofxMotion\src\motions\2d\MoveLinerRotateScale.h">
			<Filter>addons\ofxMotion\src\motions\2d</Filter>
		</ClInclude>
		<ClInclude Include="..\..\..\addons\ofxMotion\src\motions\2d\MoveRadial.h">
			<Filter>addons\ofxMotion\src\motions\2d</Filter>
		</ClInclude>
		<ClInclude Include="..\..\..\addons\ofxMotion\src\motions\2d\Rotate.h">
			<Filter>addons\ofxMotion\src\motions\2d</Filter>
		</ClInclude>
		<ClInclude Include="..\..\..\addons\ofxMotion\src\motions\2d\Scale.h">
			<Filter>addons\ofxMotion\src\motions\2d</Filter>
		</ClInclude>
		<ClInclude Include="..\..\..\addons\ofxMotion\src\motions\2d\SignWaveNoise.h">
			<Filter>addons\ofxMotion\src\motions\2d</Filter>
		</ClInclude>
		<ClInclude Include="..\..\..\addons\ofxMotion\src\motions\3d\DefaultTransform.h">
			<Filter>addons\ofxMotion\src\motions\3d</Filter>
		</ClInclude>
		<ClInclude Include="..\..\..\addons\ofxMotion\src\motions\3d\MoveLiner.h">
			<Filter>addons\ofxMotion\src\motions\3d</Filter>
		</ClInclude>
		<ClInclude Include="..\..\..\addons\ofxMotion\src\motions\base\MotionBase.h">
			<Filter>addons\ofxMotion\src\motions\base</Filter>
		</ClInclude>
		<ClInclude Include="..\..\..\addons\ofxMotion\src\motions\base\MotionColor.h">
			<Filter>addons\ofxMotion\src\motions\base</Filter>
		</ClInclude>
		<ClInclude Include="..\..\..\addons\ofxMotion\src\motions\base\MotionTransform2D.h">
			<Filter>addons\ofxMotion\src\motions\base</Filter>
		</ClInclude>
		<ClInclude Include="..\..\..\addons\ofxMotion\src\motions\base\MotionTransform3D.h">
			<Filter>addons\ofxMotion\src\motions\base</Filter>
		</ClInclude>
		<ClInclude Include="..\..\..\addons\ofxMotion\src\motions\color\ColorGradation.h">
			<Filter>addons\ofxMotion\src\motions\color</Filter>
		</ClInclude>
		<ClInclude Include="..\..\..\addons\ofxMotion\src\motions\color\DefaultColor.h">
			<Filter>addons\ofxMotion\src\motions\color</Filter>
		</ClInclude>
		<ClInclude Include="..\..\..\addons\ofxMotion\src\motions\color\FadeInFadeOut.h">
			<Filter>addons\ofxMotion\src\motions\color</Filter>
		</ClInclude>
		<ClInclude Include="..\..\..\addons\ofxMotion\src\ofxMotion2D.h">
			<Filter>addons\ofxMotion\src</Filter>
		</ClInclude>
		<ClInclude Include="..\..\..\addons\ofxMotion\src\ofxMotion3D.h">
			<Filter>addons\ofxMotion\src</Filter>
		</ClInclude>
	</ItemGroup>
	<ItemGroup>
		<ResourceCompile Include="icon.rc" />
	</ItemGroup>
</Project>
